
Microsoft Visual Studio Solution File, Format Version 12.00
# Visual Studio Version 16
VisualStudioVersion = 16.0.31105.61
MinimumVisualStudioVersion = 10.0.40219.1
Project("{FAE04EC0-301F-11D3-BF4B-00C04F79EFBC}") = "CardGame", "CardGame\CardGame.csproj", "{98BF597B-93FD-4AE6-87E4-1F38841ED126}"
EndProject
Project("{FAE04EC0-301F-11D3-BF4B-00C04F79EFBC}") = "CardGame.Tests", "CardGame.Tests\CardGame.Tests.csproj", "{8861544D-C38B-4407-A4EF-F78DB3FF27FC}"
EndProject
Global
	GlobalSection(SolutionConfigurationPlatforms) = preSolution
		Debug|Any CPU = Debug|Any CPU
		Release|Any CPU = Release|Any CPU
	EndGlobalSection
	GlobalSection(ProjectConfigurationPlatforms) = postSolution
		{98BF597B-93FD-4AE6-87E4-1F38841ED126}.Debug|Any CPU.ActiveCfg = Debug|Any CPU
		{98BF597B-93FD-4AE6-87E4-1F38841ED126}.Debug|Any CPU.Build.0 = Debug|Any CPU
		{98BF597B-93FD-4AE6-87E4-1F38841ED126}.Release|Any CPU.ActiveCfg = Release|Any CPU
		{98BF597B-93FD-4AE6-87E4-1F38841ED126}.Release|Any CPU.Build.0 = Release|Any CPU
		{8861544D-C38B-4407-A4EF-F78DB3FF27FC}.Debug|Any CPU.ActiveCfg = Debug|Any CPU
		{8861544D-C38B-4407-A4EF-F78DB3FF27FC}.Debug|Any CPU.Build.0 = Debug|Any CPU
		{8861544D-C38B-4407-A4EF-F78DB3FF27FC}.Release|Any CPU.ActiveCfg = Release|Any CPU
		{8861544D-C38B-4407-A4EF-F78DB3FF27FC}.Release|Any CPU.Build.0 = Release|Any CPU
	EndGlobalSection
	GlobalSection(SolutionProperties) = preSolution
		HideSolutionNode = FALSE
	EndGlobalSection
	GlobalSection(ExtensibilityGlobals) = postSolution
		SolutionGuid = {8694A844-1793-43CC-AC44-2C737EC66E81}
	EndGlobalSection
EndGlobal
